# This file is automatically @generated by Cargo.
# It is not intended for manual editing.
version = 4

[[package]]
name = "canonical"
version = "0.1.0"

[[package]]
name = "rei_microphysics"
version = "0.1.0"

[[package]]
name = "short_hhe_baseline"
version = "0.1.0"
dependencies = [
 "rei_microphysics",
]

[[package]]
name = "short_hhe_control"
version = "0.1.0"
dependencies = [
 "canonical",
 "rei_microphysics",
 "short_hhe_baseline",
]
