# This file is automatically @generated by Cargo.
# It is not intended for manual editing.
version = 4

[[package]]
name = "rec_microphysics"
version = "0.1.0"

[[package]]
name = "rei_microphysics"
version = "0.1.0"

[[package]]
name = "rei_rec_source_adapter"
version = "0.1.0"
dependencies = [
 "rec_microphysics",
 "rei_microphysics",
]
