# This file is automatically @generated by Cargo.
# It is not intended for manual editing.
version = 4

[[package]]
name = "canonical"
version = "0.0.2"

[[package]]
name = "rei_ledger_admission"
version = "0.1.0"
dependencies = [
 "canonical",
 "rei_microphysics_detailed",
 "rei_species_sidecar",
]

[[package]]
name = "rei_ledger_real_caller"
version = "0.1.0"
dependencies = [
 "canonical",
 "rei_ledger_admission",
 "rei_microphysics_detailed",
 "rei_species_sidecar",
]

[[package]]
name = "rei_microphysics"
version = "0.1.0"

[[package]]
name = "rei_microphysics_detailed"
version = "0.1.0"
dependencies = [
 "canonical",
]

[[package]]
name = "rei_species_sidecar"
version = "0.1.0"
dependencies = [
 "canonical",
 "rei_microphysics",
 "rei_microphysics_detailed",
]
